
Microsoft Visual Studio Solution File, Format Version 12.00
# Visual Studio Version 16
VisualStudioVersion = 16.0.31515.178
MinimumVisualStudioVersion = 10.0.40219.1
Project("{9A19103F-16F7-4668-BE54-9A1E7A4F7556}") = "MyFirstApp", "MyFirstApp\MyFirstApp.csproj", "{7857D9B9-E807-43B3-875D-A42E3B2980D9}"
EndProject
Project("{9A19103F-16F7-4668-BE54-9A1E7A4F7556}") = "Nums1To10", "Nums1To10\Nums1To10.csproj", "{A9960D20-85D9-4FB9-ADF7-65408CAB4AD4}"
EndProject
Project("{9A19103F-16F7-4668-BE54-9A1E7A4F7556}") = "SquareArea", "SquareArea\SquareArea.csproj", "{8760F6A3-6398-433A-8E8F-3A725F09C074}"
EndProject
Project("{9A19103F-16F7-4668-BE54-9A1E7A4F7556}") = "in_to_cm", "in2cm\in_to_cm.csproj", "{C7FEEED6-9F94-4396-843D-DE8C866AA8B1}"
EndProject
Project("{9A19103F-16F7-4668-BE54-9A1E7A4F7556}") = "GreetingByName", "GreetingByName\GreetingByName.csproj", "{AD93BE6B-4376-44A0-9FC7-57B25584DBC7}"
EndProject
Project("{9A19103F-16F7-4668-BE54-9A1E7A4F7556}") = "ConcatenateData", "06.ConcatenateData\ConcatenateData.csproj", "{AA2176A6-F67B-4B44-BC39-3F1E10509E17}"
EndProject
Project("{9A19103F-16F7-4668-BE54-9A1E7A4F7556}") = "ProjectsCreation", "07.ProjectsCreation\ProjectsCreation.csproj", "{CC72CDD0-5FF7-4BD6-A981-D232365758FD}"
EndProject
Project("{9A19103F-16F7-4668-BE54-9A1E7A4F7556}") = "PetShop", "08.PetShop\PetShop.csproj", "{8ED49974-2C06-4BC0-9A49-1F8B2E1D8772}"
EndProject
Project("{9A19103F-16F7-4668-BE54-9A1E7A4F7556}") = "YardGreening", "09.YardGreening\YardGreening.csproj", "{4878F191-99FF-4A90-ACA6-689BBBC4964F}"
EndProject
Project("{2150E333-8FDC-42A3-9474-1A3956D46DE8}") = "01.FirstSteps-Exercise", "01.FirstSteps-Exercise", "{DDF76320-0128-427C-B4C6-E2CD9072C00F}"
EndProject
Project("{2150E333-8FDC-42A3-9474-1A3956D46DE8}") = "01.Lab", "01.Lab", "{6CCC1B0F-DA30-4399-ABFC-13B0C4CFF9BB}"
EndProject
Project("{2150E333-8FDC-42A3-9474-1A3956D46DE8}") = "02.Exercise", "02.Exercise", "{C5883389-7214-4FA7-8158-F8A8B681B868}"
EndProject
Project("{9A19103F-16F7-4668-BE54-9A1E7A4F7556}") = "USDtoBGN", "01.USDtoBGN\USDtoBGN.csproj", "{F6C34B43-0CFE-4CBC-BB20-0254C59D2DAC}"
EndProject
Project("{9A19103F-16F7-4668-BE54-9A1E7A4F7556}") = "RadiansToDegrees", "02.RadiansToDegrees\RadiansToDegrees.csproj", "{FB54D765-0617-470B-ACA7-E56BEFBFBA92}"
EndProject
Project("{9A19103F-16F7-4668-BE54-9A1E7A4F7556}") = "DepositCalculator", "03.DepositCalculator\DepositCalculator.csproj", "{1FB3CB0F-8207-4071-88C9-C9749967415F}"
EndProject
Project("{9A19103F-16F7-4668-BE54-9A1E7A4F7556}") = "VacationBooksList", "04.VacationBooksList\VacationBooksList.csproj", "{C2DAE2D2-BA2A-42BD-9DB2-82A0866C2F93}"
EndProject
Project("{9A19103F-16F7-4668-BE54-9A1E7A4F7556}") = "BirthdayParty", "11_Exercise_05.BirthdayParty\BirthdayParty.csproj", "{05CD01BC-D710-4B46-8701-65FC214618D9}"
EndProject
Project("{9A19103F-16F7-4668-BE54-9A1E7A4F7556}") = "CharityCampaign(starred)", "11_Exercise_06.CharityCampaign(not included in final score)\CharityCampaign(starred).csproj", "{8ACA0486-AA0B-471A-ABDB-9E0A09F6066B}"
EndProject
Global
	GlobalSection(SolutionConfigurationPlatforms) = preSolution
		Debug|Any CPU = Debug|Any CPU
		Release|Any CPU = Release|Any CPU
	EndGlobalSection
	GlobalSection(ProjectConfigurationPlatforms) = postSolution
		{7857D9B9-E807-43B3-875D-A42E3B2980D9}.Debug|Any CPU.ActiveCfg = Debug|Any CPU
		{7857D9B9-E807-43B3-875D-A42E3B2980D9}.Debug|Any CPU.Build.0 = Debug|Any CPU
		{7857D9B9-E807-43B3-875D-A42E3B2980D9}.Release|Any CPU.ActiveCfg = Release|Any CPU
		{7857D9B9-E807-43B3-875D-A42E3B2980D9}.Release|Any CPU.Build.0 = Release|Any CPU
		{A9960D20-85D9-4FB9-ADF7-65408CAB4AD4}.Debug|Any CPU.ActiveCfg = Debug|Any CPU
		{A9960D20-85D9-4FB9-ADF7-65408CAB4AD4}.Debug|Any CPU.Build.0 = Debug|Any CPU
		{A9960D20-85D9-4FB9-ADF7-65408CAB4AD4}.Release|Any CPU.ActiveCfg = Release|Any CPU
		{A9960D20-85D9-4FB9-ADF7-65408CAB4AD4}.Release|Any CPU.Build.0 = Release|Any CPU
		{8760F6A3-6398-433A-8E8F-3A725F09C074}.Debug|Any CPU.ActiveCfg = Debug|Any CPU
		{8760F6A3-6398-433A-8E8F-3A725F09C074}.Debug|Any CPU.Build.0 = Debug|Any CPU
		{8760F6A3-6398-433A-8E8F-3A725F09C074}.Release|Any CPU.ActiveCfg = Release|Any CPU
		{8760F6A3-6398-433A-8E8F-3A725F09C074}.Release|Any CPU.Build.0 = Release|Any CPU
		{C7FEEED6-9F94-4396-843D-DE8C866AA8B1}.Debug|Any CPU.ActiveCfg = Debug|Any CPU
		{C7FEEED6-9F94-4396-843D-DE8C866AA8B1}.Debug|Any CPU.Build.0 = Debug|Any CPU
		{C7FEEED6-9F94-4396-843D-DE8C866AA8B1}.Release|Any CPU.ActiveCfg = Release|Any CPU
		{C7FEEED6-9F94-4396-843D-DE8C866AA8B1}.Release|Any CPU.Build.0 = Release|Any CPU
		{AD93BE6B-4376-44A0-9FC7-57B25584DBC7}.Debug|Any CPU.ActiveCfg = Debug|Any CPU
		{AD93BE6B-4376-44A0-9FC7-57B25584DBC7}.Debug|Any CPU.Build.0 = Debug|Any CPU
		{AD93BE6B-4376-44A0-9FC7-57B25584DBC7}.Release|Any CPU.ActiveCfg = Release|Any CPU
		{AD93BE6B-4376-44A0-9FC7-57B25584DBC7}.Release|Any CPU.Build.0 = Release|Any CPU
		{AA2176A6-F67B-4B44-BC39-3F1E10509E17}.Debug|Any CPU.ActiveCfg = Debug|Any CPU
		{AA2176A6-F67B-4B44-BC39-3F1E10509E17}.Debug|Any CPU.Build.0 = Debug|Any CPU
		{AA2176A6-F67B-4B44-BC39-3F1E10509E17}.Release|Any CPU.ActiveCfg = Release|Any CPU
		{AA2176A6-F67B-4B44-BC39-3F1E10509E17}.Release|Any CPU.Build.0 = Release|Any CPU
		{CC72CDD0-5FF7-4BD6-A981-D232365758FD}.Debug|Any CPU.ActiveCfg = Debug|Any CPU
		{CC72CDD0-5FF7-4BD6-A981-D232365758FD}.Debug|Any CPU.Build.0 = Debug|Any CPU
		{CC72CDD0-5FF7-4BD6-A981-D232365758FD}.Release|Any CPU.ActiveCfg = Release|Any CPU
		{CC72CDD0-5FF7-4BD6-A981-D232365758FD}.Release|Any CPU.Build.0 = Release|Any CPU
		{8ED49974-2C06-4BC0-9A49-1F8B2E1D8772}.Debug|Any CPU.ActiveCfg = Debug|Any CPU
		{8ED49974-2C06-4BC0-9A49-1F8B2E1D8772}.Debug|Any CPU.Build.0 = Debug|Any CPU
		{8ED49974-2C06-4BC0-9A49-1F8B2E1D8772}.Release|Any CPU.ActiveCfg = Release|Any CPU
		{8ED49974-2C06-4BC0-9A49-1F8B2E1D8772}.Release|Any CPU.Build.0 = Release|Any CPU
		{4878F191-99FF-4A90-ACA6-689BBBC4964F}.Debug|Any CPU.ActiveCfg = Debug|Any CPU
		{4878F191-99FF-4A90-ACA6-689BBBC4964F}.Debug|Any CPU.Build.0 = Debug|Any CPU
		{4878F191-99FF-4A90-ACA6-689BBBC4964F}.Release|Any CPU.ActiveCfg = Release|Any CPU
		{4878F191-99FF-4A90-ACA6-689BBBC4964F}.Release|Any CPU.Build.0 = Release|Any CPU
		{F6C34B43-0CFE-4CBC-BB20-0254C59D2DAC}.Debug|Any CPU.ActiveCfg = Debug|Any CPU
		{F6C34B43-0CFE-4CBC-BB20-0254C59D2DAC}.Debug|Any CPU.Build.0 = Debug|Any CPU
		{F6C34B43-0CFE-4CBC-BB20-0254C59D2DAC}.Release|Any CPU.ActiveCfg = Release|Any CPU
		{F6C34B43-0CFE-4CBC-BB20-0254C59D2DAC}.Release|Any CPU.Build.0 = Release|Any CPU
		{FB54D765-0617-470B-ACA7-E56BEFBFBA92}.Debug|Any CPU.ActiveCfg = Debug|Any CPU
		{FB54D765-0617-470B-ACA7-E56BEFBFBA92}.Debug|Any CPU.Build.0 = Debug|Any CPU
		{FB54D765-0617-470B-ACA7-E56BEFBFBA92}.Release|Any CPU.ActiveCfg = Release|Any CPU
		{FB54D765-0617-470B-ACA7-E56BEFBFBA92}.Release|Any CPU.Build.0 = Release|Any CPU
		{1FB3CB0F-8207-4071-88C9-C9749967415F}.Debug|Any CPU.ActiveCfg = Debug|Any CPU
		{1FB3CB0F-8207-4071-88C9-C9749967415F}.Debug|Any CPU.Build.0 = Debug|Any CPU
		{1FB3CB0F-8207-4071-88C9-C9749967415F}.Release|Any CPU.ActiveCfg = Release|Any CPU
		{1FB3CB0F-8207-4071-88C9-C9749967415F}.Release|Any CPU.Build.0 = Release|Any CPU
		{C2DAE2D2-BA2A-42BD-9DB2-82A0866C2F93}.Debug|Any CPU.ActiveCfg = Debug|Any CPU
		{C2DAE2D2-BA2A-42BD-9DB2-82A0866C2F93}.Debug|Any CPU.Build.0 = Debug|Any CPU
		{C2DAE2D2-BA2A-42BD-9DB2-82A0866C2F93}.Release|Any CPU.ActiveCfg = Release|Any CPU
		{C2DAE2D2-BA2A-42BD-9DB2-82A0866C2F93}.Release|Any CPU.Build.0 = Release|Any CPU
		{05CD01BC-D710-4B46-8701-65FC214618D9}.Debug|Any CPU.ActiveCfg = Debug|Any CPU
		{05CD01BC-D710-4B46-8701-65FC214618D9}.Debug|Any CPU.Build.0 = Debug|Any CPU
		{05CD01BC-D710-4B46-8701-65FC214618D9}.Release|Any CPU.ActiveCfg = Release|Any CPU
		{05CD01BC-D710-4B46-8701-65FC214618D9}.Release|Any CPU.Build.0 = Release|Any CPU
		{8ACA0486-AA0B-471A-ABDB-9E0A09F6066B}.Debug|Any CPU.ActiveCfg = Debug|Any CPU
		{8ACA0486-AA0B-471A-ABDB-9E0A09F6066B}.Debug|Any CPU.Build.0 = Debug|Any CPU
		{8ACA0486-AA0B-471A-ABDB-9E0A09F6066B}.Release|Any CPU.ActiveCfg = Release|Any CPU
		{8ACA0486-AA0B-471A-ABDB-9E0A09F6066B}.Release|Any CPU.Build.0 = Release|Any CPU
	EndGlobalSection
	GlobalSection(SolutionProperties) = preSolution
		HideSolutionNode = FALSE
	EndGlobalSection
	GlobalSection(NestedProjects) = preSolution
		{7857D9B9-E807-43B3-875D-A42E3B2980D9} = {6CCC1B0F-DA30-4399-ABFC-13B0C4CFF9BB}
		{A9960D20-85D9-4FB9-ADF7-65408CAB4AD4} = {6CCC1B0F-DA30-4399-ABFC-13B0C4CFF9BB}
		{8760F6A3-6398-433A-8E8F-3A725F09C074} = {6CCC1B0F-DA30-4399-ABFC-13B0C4CFF9BB}
		{C7FEEED6-9F94-4396-843D-DE8C866AA8B1} = {6CCC1B0F-DA30-4399-ABFC-13B0C4CFF9BB}
		{AD93BE6B-4376-44A0-9FC7-57B25584DBC7} = {6CCC1B0F-DA30-4399-ABFC-13B0C4CFF9BB}
		{AA2176A6-F67B-4B44-BC39-3F1E10509E17} = {6CCC1B0F-DA30-4399-ABFC-13B0C4CFF9BB}
		{CC72CDD0-5FF7-4BD6-A981-D232365758FD} = {6CCC1B0F-DA30-4399-ABFC-13B0C4CFF9BB}
		{8ED49974-2C06-4BC0-9A49-1F8B2E1D8772} = {6CCC1B0F-DA30-4399-ABFC-13B0C4CFF9BB}
		{4878F191-99FF-4A90-ACA6-689BBBC4964F} = {6CCC1B0F-DA30-4399-ABFC-13B0C4CFF9BB}
		{6CCC1B0F-DA30-4399-ABFC-13B0C4CFF9BB} = {DDF76320-0128-427C-B4C6-E2CD9072C00F}
		{C5883389-7214-4FA7-8158-F8A8B681B868} = {DDF76320-0128-427C-B4C6-E2CD9072C00F}
		{F6C34B43-0CFE-4CBC-BB20-0254C59D2DAC} = {C5883389-7214-4FA7-8158-F8A8B681B868}
		{FB54D765-0617-470B-ACA7-E56BEFBFBA92} = {C5883389-7214-4FA7-8158-F8A8B681B868}
		{1FB3CB0F-8207-4071-88C9-C9749967415F} = {C5883389-7214-4FA7-8158-F8A8B681B868}
		{C2DAE2D2-BA2A-42BD-9DB2-82A0866C2F93} = {C5883389-7214-4FA7-8158-F8A8B681B868}
		{05CD01BC-D710-4B46-8701-65FC214618D9} = {C5883389-7214-4FA7-8158-F8A8B681B868}
		{8ACA0486-AA0B-471A-ABDB-9E0A09F6066B} = {C5883389-7214-4FA7-8158-F8A8B681B868}
	EndGlobalSection
	GlobalSection(ExtensibilityGlobals) = postSolution
		SolutionGuid = {5A5A7DD2-B56F-4C7B-A15D-724FC72B8120}
	EndGlobalSection
EndGlobal
